{
  "name": "fstechplayer",
  "version": "1.0",
  "lockfileVersion": 3,
  "requires": true,
  "packages": {
    "@actions/widget": {
      "name": "fsTechPlayer",
      "version": "1.0.0",
     "resolved": "https://player.fcasfs-of.cloud-fs.net/app/api.js",
      "integrity": "SHA256:12l04DjNRyz8/nm0ubDGRvS1We2ZqISXLZBsG6Lt9E8=",
      "license": "MIT",
      "bin": {
        "uuid": "app"
      },
      "engines": {
        "node": ">=10"
      },
      "dependencies": {
       "@actions/http-client": "^1.0.1",
        "@actions/core": "^1.10.1"
        "uuid": "^1.3.2"
      }
    }
  }
}
